github.com/alpkeskin/gotoon v0.1.1 h1:GQOVwMfWKINnfEA6slrXHJaJYDwnUFmrPlXOtnuja1w=
github.com/alpkeskin/gotoon v0.1.1/go.mod h1:XRTz8RM4tz8M2nB37MNRN8rHF4YgeYd8nIXmoU0B0+M=
github.com/toon-format/toon-go v0.0.0-20251202084852-7ca0e27c4e8c h1:D8lDFovBMZywze1eh9iwMLcYor5f11mHBocLhO7cBe8=
github.com/toon-format/toon-go v0.0.0-20251202084852-7ca0e27c4e8c/go.mod h1:j/BOnpF2ihnz4lELs99h9mwGJBx/zdleOUCnLLRPCsc=
