github.com/kjk/common v0.0.0-20240610102658-51cde1582125 h1:/th+kD8wkcy/OVtfdJWUXn04VIOq5vW2Sp9Bvbx7oAY=
github.com/kjk/common v0.0.0-20240610102658-51cde1582125/go.mod h1:Egc9bcSZtKlXh9v3+ZsqdTSR+SyY6N2oDbIkt1hiZ2k=
github.com/kjk/common v0.0.0-20240614095155-da5732d4417d h1:e/F6RbOBBaB6wR6UIghp2XRlgI0T4n6+zTnN4bRCn4I=
github.com/kjk/common v0.0.0-20240614095155-da5732d4417d/go.mod h1:Egc9bcSZtKlXh9v3+ZsqdTSR+SyY6N2oDbIkt1hiZ2k=
